
Microsoft Visual Studio Solution File, Format Version 12.00
# Visual Studio 2012
Project("{FAE04EC0-301F-11D3-BF4B-00C04F79EFBC}") = "BankOne", "05-Away Bank\BankOne.csproj", "{4988DCB3-F442-43A3-8894-1F2D9822D226}"
EndProject
Global
	GlobalSection(SolutionConfigurationPlatforms) = preSolution
		Debug|Any CPU = Debug|Any CPU
		Release|Any CPU = Release|Any CPU
	EndGlobalSection
	GlobalSection(ProjectConfigurationPlatforms) = postSolution
		{4988DCB3-F442-43A3-8894-1F2D9822D226}.Debug|Any CPU.ActiveCfg = Debug|Any CPU
		{4988DCB3-F442-43A3-8894-1F2D9822D226}.Debug|Any CPU.Build.0 = Debug|Any CPU
		{4988DCB3-F442-43A3-8894-1F2D9822D226}.Release|Any CPU.ActiveCfg = Release|Any CPU
		{4988DCB3-F442-43A3-8894-1F2D9822D226}.Release|Any CPU.Build.0 = Release|Any CPU
	EndGlobalSection
	GlobalSection(SolutionProperties) = preSolution
		HideSolutionNode = FALSE
	EndGlobalSection
EndGlobal
